
Microsoft Visual Studio Solution File, Format Version 12.00
# Visual Studio Version 17
VisualStudioVersion = 17.6.33723.286
MinimumVisualStudioVersion = 10.0.40219.1
Project("{FAE04EC0-301F-11D3-BF4B-00C04F79EFBC}") = "MedicalScan", "MedicalScan\MedicalScan.csproj", "{5B26738B-5EB0-4381-AD8C-4CB9ACDCB489}"
EndProject
Project("{FAE04EC0-301F-11D3-BF4B-00C04F79EFBC}") = "MedicalScanTest", "MedicalScanTest\MedicalScanTest.csproj", "{C31CBAD3-F0C6-40F1-B55F-710EAAAD5634}"
EndProject
Global
	GlobalSection(SolutionConfigurationPlatforms) = preSolution
		Debug|Any CPU = Debug|Any CPU
		Release|Any CPU = Release|Any CPU
	EndGlobalSection
	GlobalSection(ProjectConfigurationPlatforms) = postSolution
		{5B26738B-5EB0-4381-AD8C-4CB9ACDCB489}.Debug|Any CPU.ActiveCfg = Debug|Any CPU
		{5B26738B-5EB0-4381-AD8C-4CB9ACDCB489}.Debug|Any CPU.Build.0 = Debug|Any CPU
		{5B26738B-5EB0-4381-AD8C-4CB9ACDCB489}.Release|Any CPU.ActiveCfg = Release|Any CPU
		{5B26738B-5EB0-4381-AD8C-4CB9ACDCB489}.Release|Any CPU.Build.0 = Release|Any CPU
		{C31CBAD3-F0C6-40F1-B55F-710EAAAD5634}.Debug|Any CPU.ActiveCfg = Debug|Any CPU
		{C31CBAD3-F0C6-40F1-B55F-710EAAAD5634}.Debug|Any CPU.Build.0 = Debug|Any CPU
		{C31CBAD3-F0C6-40F1-B55F-710EAAAD5634}.Release|Any CPU.ActiveCfg = Release|Any CPU
		{C31CBAD3-F0C6-40F1-B55F-710EAAAD5634}.Release|Any CPU.Build.0 = Release|Any CPU
	EndGlobalSection
	GlobalSection(SolutionProperties) = preSolution
		HideSolutionNode = FALSE
	EndGlobalSection
	GlobalSection(ExtensibilityGlobals) = postSolution
		SolutionGuid = {13601FA8-BAED-48B3-AC9D-2D29A0D2042E}
	EndGlobalSection
EndGlobal
